lockfileVersion: '9.0'

settings:
  autoInstallPeers: true
  excludeLinksFromLockfile: false

catalogs:
  core:
    '@dotenvx/dotenvx':
      specifier: ^1.49.0
      version: 1.49.0
    typescript:
      specifier: ^5.9.2
      version: 5.9.2
    zod:
      specifier: ^4.1.1
      version: 4.1.1

importers:

  .:
    devDependencies:
      '@biomejs/biome':
        specifier: 2.2.2
        version: 2.2.2
      '@swc-node/register':
        specifier: ^1.10.10
        version: 1.11.1(@swc/core@1.13.5)(@swc/types@0.1.24)(typescript@5.9.2)
      '@types/node':
        specifier: ^24.2.0
        version: 24.3.0
      turbo:
        specifier: ^2.5.5
        version: 2.5.6
      typescript:
        specifier: catalog:core
        version: 5.9.2

  apps/filen:
    dependencies:
      '@personal-server/common':
        specifier: workspace:*
        version: link:../../packages/common
      zod:
        specifier: catalog:core
        version: 4.1.1
    devDependencies:
      '@types/node':
        specifier: ^22.16.4
        version: 22.17.2
      typescript:
        specifier: catalog:core
        version: 5.9.2

  packages/common:
    dependencies:
      '@dotenvx/dotenvx':
        specifier: catalog:core
        version: 1.49.0
      pino:
        specifier: ^9.7.0
        version: 9.9.0
      pino-pretty:
        specifier: ^13.0.0
        version: 13.1.1
    devDependencies:
      '@types/node':
        specifier: ^24.0.14
        version: 24.3.0
      typescript:
        specifier: catalog:core
        version: 5.9.2

packages:

  '@biomejs/biome@2.2.2':
    resolution: {integrity: sha512-j1omAiQWCkhuLgwpMKisNKnsM6W8Xtt1l0WZmqY/dFj8QPNkIoTvk4tSsi40FaAAkBE1PU0AFG2RWFBWenAn+w==}
    engines: {node: '>=14.21.3'}
    hasBin: true

  '@biomejs/cli-darwin-arm64@2.2.2':
    resolution: {integrity: sha512-6ePfbCeCPryWu0CXlzsWNZgVz/kBEvHiPyNpmViSt6A2eoDf4kXs3YnwQPzGjy8oBgQulrHcLnJL0nkCh80mlQ==}
    engines: {node: '>=14.21.3'}
    cpu: [arm64]
    os: [darwin]

  '@biomejs/cli-darwin-x64@2.2.2':
    resolution: {integrity: sha512-Tn4JmVO+rXsbRslml7FvKaNrlgUeJot++FkvYIhl1OkslVCofAtS35MPlBMhXgKWF9RNr9cwHanrPTUUXcYGag==}
    engines: {node: '>=14.21.3'}
    cpu: [x64]
    os: [darwin]

  '@biomejs/cli-linux-arm64-musl@2.2.2':
    resolution: {integrity: sha512-/MhYg+Bd6renn6i1ylGFL5snYUn/Ct7zoGVKhxnro3bwekiZYE8Kl39BSb0MeuqM+72sThkQv4TnNubU9njQRw==}
    engines: {node: '>=14.21.3'}
    cpu: [arm64]
    os: [linux]

  '@biomejs/cli-linux-arm64@2.2.2':
    resolution: {integrity: sha512-JfrK3gdmWWTh2J5tq/rcWCOsImVyzUnOS2fkjhiYKCQ+v8PqM+du5cfB7G1kXas+7KQeKSWALv18iQqdtIMvzw==}
    engines: {node: '>=14.21.3'}
    cpu: [arm64]
    os: [linux]

  '@biomejs/cli-linux-x64-musl@2.2.2':
    resolution: {integrity: sha512-ZCLXcZvjZKSiRY/cFANKg+z6Fhsf9MHOzj+NrDQcM+LbqYRT97LyCLWy2AS+W2vP+i89RyRM+kbGpUzbRTYWig==}
    engines: {node: '>=14.21.3'}
    cpu: [x64]
    os: [linux]

  '@biomejs/cli-linux-x64@2.2.2':
    resolution: {integrity: sha512-Ogb+77edO5LEP/xbNicACOWVLt8mgC+E1wmpUakr+O4nKwLt9vXe74YNuT3T1dUBxC/SnrVmlzZFC7kQJEfquQ==}
    engines: {node: '>=14.21.3'}
    cpu: [x64]
    os: [linux]

  '@biomejs/cli-win32-arm64@2.2.2':
    resolution: {integrity: sha512-wBe2wItayw1zvtXysmHJQoQqXlTzHSpQRyPpJKiNIR21HzH/CrZRDFic1C1jDdp+zAPtqhNExa0owKMbNwW9cQ==}
    engines: {node: '>=14.21.3'}
    cpu: [arm64]
    os: [win32]

  '@biomejs/cli-win32-x64@2.2.2':
    resolution: {integrity: sha512-DAuHhHekGfiGb6lCcsT4UyxQmVwQiBCBUMwVra/dcOSs9q8OhfaZgey51MlekT3p8UwRqtXQfFuEJBhJNdLZwg==}
    engines: {node: '>=14.21.3'}
    cpu: [x64]
    os: [win32]

  '@dotenvx/dotenvx@1.49.0':
    resolution: {integrity: sha512-M1cyP6YstFQCjih54SAxCqHLMMi8QqV8tenpgGE48RTXWD7vfMYJiw/6xcCDpS2h28AcLpTsFCZA863Ge9yxzA==}
    hasBin: true

  '@ecies/ciphers@0.2.4':
    resolution: {integrity: sha512-t+iX+Wf5nRKyNzk8dviW3Ikb/280+aEJAnw9YXvCp2tYGPSkMki+NRY+8aNLmVFv3eNtMdvViPNOPxS8SZNP+w==}
    engines: {bun: '>=1', deno: '>=2', node: '>=16'}
    peerDependencies:
      '@noble/ciphers': ^1.0.0

  '@emnapi/core@1.4.5':
    resolution: {integrity: sha512-XsLw1dEOpkSX/WucdqUhPWP7hDxSvZiY+fsUC14h+FtQ2Ifni4znbBt8punRX+Uj2JG/uDb8nEHVKvrVlvdZ5Q==}

  '@emnapi/runtime@1.4.5':
    resolution: {integrity: sha512-++LApOtY0pEEz1zrd9vy1/zXVaVJJ/EbAF3u0fXIzPJEDtnITsBGbbK0EkM72amhl/R5b+5xx0Y/QhcVOpuulg==}

  '@emnapi/wasi-threads@1.0.4':
    resolution: {integrity: sha512-PJR+bOmMOPH8AtcTGAyYNiuJ3/Fcoj2XN/gBEWzDIKh254XO+mM9XoXHk5GNEhodxeMznbg7BlRojVbKN+gC6g==}

  '@napi-rs/wasm-runtime@1.0.3':
    resolution: {integrity: sha512-rZxtMsLwjdXkMUGC3WwsPwLNVqVqnTJT6MNIB6e+5fhMcSCPP0AOsNWuMQ5mdCq6HNjs/ZeWAEchpqeprqBD2Q==}

  '@noble/ciphers@1.3.0':
    resolution: {integrity: sha512-2I0gnIVPtfnMw9ee9h1dJG7tp81+8Ob3OJb3Mv37rx5L40/b0i7djjCVvGOVqc9AEIQyvyu1i6ypKdFw8R8gQw==}
    engines: {node: ^14.21.3 || >=16}

  '@noble/curves@1.9.7':
    resolution: {integrity: sha512-gbKGcRUYIjA3/zCCNaWDciTMFI0dCkvou3TL8Zmy5Nc7sJ47a0jtOeZoTaMxkuqRo9cRhjOdZJXegxYE5FN/xw==}
    engines: {node: ^14.21.3 || >=16}

  '@noble/hashes@1.8.0':
    resolution: {integrity: sha512-jCs9ldd7NwzpgXDIf6P3+NrHh9/sD6CQdxHyjQI+h/6rDNo88ypBxxz45UDuZHz9r3tNz7N/VInSVoVdtXEI4A==}
    engines: {node: ^14.21.3 || >=16}

  '@oxc-resolver/binding-android-arm-eabi@11.6.2':
    resolution: {integrity: sha512-b1h87/Nv5QPiT2xXg7RiSzJ0HsKSMf1U8vj6cUKdEDD1+KhDaXEH9xffB5QE54Df3SM4+wrYVy9NREil7/0C/Q==}
    cpu: [arm]
    os: [android]

  '@oxc-resolver/binding-android-arm64@11.6.2':
    resolution: {integrity: sha512-iIFsbWOQ42VJqOH0PkNs2+IcIjkmO7T+Gr27XDVXmaIWz3dkVYzYRlCtqGJOMIrjyUD52BtVXjej5s51i9Lgmg==}
    cpu: [arm64]
    os: [android]

  '@oxc-resolver/binding-darwin-arm64@11.6.2':
    resolution: {integrity: sha512-Lt/6pfDy2rtoxGmwFQOp4a9GxIW0CEUSQYofW1eQBpy/JpGM/AJgLTsg2nmgszODJpBOPO19GCIlzSZ7Et5cGg==}
    cpu: [arm64]
    os: [darwin]

  '@oxc-resolver/binding-darwin-x64@11.6.2':
    resolution: {integrity: sha512-UmGEeXk4/E3ubBWgoehVEQSBTEpl+UjZqY55sB+/5NHYFPMxY6PgG8y7dGZhyWPvwVW/pS/drnG3gptAjwF8cg==}
    cpu: [x64]
    os: [darwin]

  '@oxc-resolver/binding-freebsd-x64@11.6.2':
    resolution: {integrity: sha512-p0Aj5aQKmyVamAtRio7Ct0Woh/iElvMxhAlbSWqJ9J/GH7lPG8H4R/iHWjURz+2iYPywqJICR8Eu1GDSApnzfA==}
    cpu: [x64]
    os: [freebsd]

  '@oxc-resolver/binding-linux-arm-gnueabihf@11.6.2':
    resolution: {integrity: sha512-hDAF4FAkGxZsJCvutoBQ21LKcpUrvq5qAj3FpBTIzBaeIpupe6z0kHF9oIeTF8DJiLj4uEejaZXXtOSfJY50+A==}
    cpu: [arm]
    os: [linux]

  '@oxc-resolver/binding-linux-arm-musleabihf@11.6.2':
    resolution: {integrity: sha512-LTUs3PG9O3YjGPbguiM/fhaoWr19Yu/vqkBKXgvUo2Zpa7InHzZzurMQU9BAPr6A7gnIrKQ3W61h+RhQfSuUGQ==}
    cpu: [arm]
    os: [linux]

  '@oxc-resolver/binding-linux-arm64-gnu@11.6.2':
    resolution: {integrity: sha512-VBZZ/5uYiFs+09h1royv78GAEPPy5Bsro53hPWMlJL/E9pPibaj3fCzZEAnrKSzVpvwf7+QSc5w7ZUrX3xAKpg==}
    cpu: [arm64]
    os: [linux]

  '@oxc-resolver/binding-linux-arm64-musl@11.6.2':
    resolution: {integrity: sha512-x+LooeNXy3hhvDT7q29jLjh914OYX9YnrQbGT3ogep5EY/LLbUiG3LV8XSrWRqXD5132gea9SOYxmcpF9i6xTQ==}
    cpu: [arm64]
    os: [linux]

  '@oxc-resolver/binding-linux-ppc64-gnu@11.6.2':
    resolution: {integrity: sha512-+CluEbUpAaKvcNREZtUUiunqzo5o0/qp+6xoFkbDAwNhWIw1mtWCg1Di++Fa053Cah/Rx+dRMQteANoMBGCxxg==}
    cpu: [ppc64]
    os: [linux]

  '@oxc-resolver/binding-linux-riscv64-gnu@11.6.2':
    resolution: {integrity: sha512-OKWK/QvC6gECaeCNjfhuj0yiqMIisS0ewCRAmgT2pyxDwkNWgSm2wli+Tj/gpLjua2HjFDnDEcg0/dOoO6+xQg==}
    cpu: [riscv64]
    os: [linux]

  '@oxc-resolver/binding-linux-riscv64-musl@11.6.2':
    resolution: {integrity: sha512-YtQ3hLvhVzan3boR44C0qu/jiTanaBAL9uTqs/S2tzOLfpO2PoTDbQDgADvOqYJDTJkOGiofJC2E1lJcRmpbXQ==}
    cpu: [riscv64]
    os: [linux]

  '@oxc-resolver/binding-linux-s390x-gnu@11.6.2':
    resolution: {integrity: sha512-pcX/ih9QHrEWliiXJdZoX/bnfOlr5E0eOWSG2ew5U1HntGket/1AcdcA4UH3MQU/TrOLxxiKhGzeZv+fwewmmA==}
    cpu: [s390x]
    os: [linux]

  '@oxc-resolver/binding-linux-x64-gnu@11.6.2':
    resolution: {integrity: sha512-LFYSgeYW11u4cQXzgIGthqCRAoLvl0IqbIMGeJLVt1tD7yrpTukfQynMzwP3vuTK5hmWgYc7NfK6G5+Zv/75hw==}
    cpu: [x64]
    os: [linux]

  '@oxc-resolver/binding-linux-x64-musl@11.6.2':
    resolution: {integrity: sha512-IE13zwhg+XX9FVQHADbIe6RB2MgQeqyKdGyH67meGPgqCbLqT41K9qAm0k2uDlSswjLK8nhNe5Z+hhopBKzRRg==}
    cpu: [x64]
    os: [linux]

  '@oxc-resolver/binding-wasm32-wasi@11.6.2':
    resolution: {integrity: sha512-6nNW/wOKrptS9Rebf83aHvIsIiNcXOEWwUmhMR/4MHrH07zbcptBoZQcWO6362B9Y2lMN7dIF9v7brQcNDs63A==}
    engines: {node: '>=14.0.0'}
    cpu: [wasm32]

  '@oxc-resolver/binding-win32-arm64-msvc@11.6.2':
    resolution: {integrity: sha512-YDR9UBOlKfFvWhVlyvNSlZjJ+B5kDpDn5K5s69JKW+Ke5ZYupVPTJPZ3GIMjbgj54fJQNFW+BiT4dL/EUGOHVQ==}
    cpu: [arm64]
    os: [win32]

  '@oxc-resolver/binding-win32-ia32-msvc@11.6.2':
    resolution: {integrity: sha512-8MqToY82sKT4po6bfb71LTiWW4PYXy/WNnzFIpkO88O1TtZV8ZsZ1kSeSwFazbqhV8H8nnxyJemqXNIqhtqNfw==}
    cpu: [ia32]
    os: [win32]

  '@oxc-resolver/binding-win32-x64-msvc@11.6.2':
    resolution: {integrity: sha512-y/xXcOwP9kp+3zRC8PiG5E4VMJeW59gwwRyxzh6DyMrKlcfikMFnuEbC2ZV0+mOffg7pkOOMKlNRK2aJC8gzkA==}
    cpu: [x64]
    os: [win32]

  '@swc-node/core@1.14.1':
    resolution: {integrity: sha512-jrt5GUaZUU6cmMS+WTJEvGvaB6j1YNKPHPzC2PUi2BjaFbtxURHj6641Az6xN7b665hNniAIdvjxWcRml5yCnw==}
    engines: {node: '>= 10'}
    peerDependencies:
      '@swc/core': '>= 1.13.3'
      '@swc/types': '>= 0.1'

  '@swc-node/register@1.11.1':
    resolution: {integrity: sha512-VQ0hJ5jX31TVv/fhZx4xJRzd8pwn6VvzYd2tGOHHr2TfXGCBixZoqdPDXTiEoJLCTS2MmvBf6zyQZZ0M8aGQCQ==}
    peerDependencies:
      '@swc/core': '>= 1.4.13'
      typescript: '>= 4.3'

  '@swc-node/sourcemap-support@0.6.1':
    resolution: {integrity: sha512-ovltDVH5QpdHXZkW138vG4+dgcNsxfwxHVoV6BtmTbz2KKl1A8ZSlbdtxzzfNjCjbpayda8Us9eMtcHobm38dA==}

  '@swc/core-darwin-arm64@1.13.5':
    resolution: {integrity: sha512-lKNv7SujeXvKn16gvQqUQI5DdyY8v7xcoO3k06/FJbHJS90zEwZdQiMNRiqpYw/orU543tPaWgz7cIYWhbopiQ==}
    engines: {node: '>=10'}
    cpu: [arm64]
    os: [darwin]

  '@swc/core-darwin-x64@1.13.5':
    resolution: {integrity: sha512-ILd38Fg/w23vHb0yVjlWvQBoE37ZJTdlLHa8LRCFDdX4WKfnVBiblsCU9ar4QTMNdeTBEX9iUF4IrbNWhaF1Ng==}
    engines: {node: '>=10'}
    cpu: [x64]
    os: [darwin]

  '@swc/core-linux-arm-gnueabihf@1.13.5':
    resolution: {integrity: sha512-Q6eS3Pt8GLkXxqz9TAw+AUk9HpVJt8Uzm54MvPsqp2yuGmY0/sNaPPNVqctCX9fu/Nu8eaWUen0si6iEiCsazQ==}
    engines: {node: '>=10'}
    cpu: [arm]
    os: [linux]

  '@swc/core-linux-arm64-gnu@1.13.5':
    resolution: {integrity: sha512-aNDfeN+9af+y+M2MYfxCzCy/VDq7Z5YIbMqRI739o8Ganz6ST+27kjQFd8Y/57JN/hcnUEa9xqdS3XY7WaVtSw==}
    engines: {node: '>=10'}
    cpu: [arm64]
    os: [linux]

  '@swc/core-linux-arm64-musl@1.13.5':
    resolution: {integrity: sha512-9+ZxFN5GJag4CnYnq6apKTnnezpfJhCumyz0504/JbHLo+Ue+ZtJnf3RhyA9W9TINtLE0bC4hKpWi8ZKoETyOQ==}
    engines: {node: '>=10'}
    cpu: [arm64]
    os: [linux]

  '@swc/core-linux-x64-gnu@1.13.5':
    resolution: {integrity: sha512-WD530qvHrki8Ywt/PloKUjaRKgstQqNGvmZl54g06kA+hqtSE2FTG9gngXr3UJxYu/cNAjJYiBifm7+w4nbHbA==}
    engines: {node: '>=10'}
    cpu: [x64]
    os: [linux]

  '@swc/core-linux-x64-musl@1.13.5':
    resolution: {integrity: sha512-Luj8y4OFYx4DHNQTWjdIuKTq2f5k6uSXICqx+FSabnXptaOBAbJHNbHT/06JZh6NRUouaf0mYXN0mcsqvkhd7Q==}
    engines: {node: '>=10'}
    cpu: [x64]
    os: [linux]

  '@swc/core-win32-arm64-msvc@1.13.5':
    resolution: {integrity: sha512-cZ6UpumhF9SDJvv4DA2fo9WIzlNFuKSkZpZmPG1c+4PFSEMy5DFOjBSllCvnqihCabzXzpn6ykCwBmHpy31vQw==}
    engines: {node: '>=10'}
    cpu: [arm64]
    os: [win32]

  '@swc/core-win32-ia32-msvc@1.13.5':
    resolution: {integrity: sha512-C5Yi/xIikrFUzZcyGj9L3RpKljFvKiDMtyDzPKzlsDrKIw2EYY+bF88gB6oGY5RGmv4DAX8dbnpRAqgFD0FMEw==}
    engines: {node: '>=10'}
    cpu: [ia32]
    os: [win32]

  '@swc/core-win32-x64-msvc@1.13.5':
    resolution: {integrity: sha512-YrKdMVxbYmlfybCSbRtrilc6UA8GF5aPmGKBdPvjrarvsmf4i7ZHGCEnLtfOMd3Lwbs2WUZq3WdMbozYeLU93Q==}
    engines: {node: '>=10'}
    cpu: [x64]
    os: [win32]

  '@swc/core@1.13.5':
    resolution: {integrity: sha512-WezcBo8a0Dg2rnR82zhwoR6aRNxeTGfK5QCD6TQ+kg3xx/zNT02s/0o+81h/3zhvFSB24NtqEr8FTw88O5W/JQ==}
    engines: {node: '>=10'}
    peerDependencies:
      '@swc/helpers': '>=0.5.17'
    peerDependenciesMeta:
      '@swc/helpers':
        optional: true

  '@swc/counter@0.1.3':
    resolution: {integrity: sha512-e2BR4lsJkkRlKZ/qCHPw9ZaSxc0MVUd7gtbtaB7aMvHeJVYe8sOB8DBZkP2DtISHGSku9sCK6T6cnY0CtXrOCQ==}

  '@swc/types@0.1.24':
    resolution: {integrity: sha512-tjTMh3V4vAORHtdTprLlfoMptu1WfTZG9Rsca6yOKyNYsRr+MUXutKmliB17orgSZk5DpnDxs8GUdd/qwYxOng==}

  '@tybys/wasm-util@0.10.0':
    resolution: {integrity: sha512-VyyPYFlOMNylG45GoAe0xDoLwWuowvf92F9kySqzYh8vmYm7D2u4iUJKa1tOUpS70Ku13ASrOkS4ScXFsTaCNQ==}

  '@types/node@22.17.2':
    resolution: {integrity: sha512-gL6z5N9Jm9mhY+U2KXZpteb+09zyffliRkZyZOHODGATyC5B1Jt/7TzuuiLkFsSUMLbS1OLmlj/E+/3KF4Q/4w==}

  '@types/node@24.3.0':
    resolution: {integrity: sha512-aPTXCrfwnDLj4VvXrm+UUCQjNEvJgNA8s5F1cvwQU+3KNltTOkBm1j30uNLyqqPNe7gE3KFzImYoZEfLhp4Yow==}

  atomic-sleep@1.0.0:
    resolution: {integrity: sha512-kNOjDqAh7px0XWNI+4QbzoiR/nTkHAWNud2uvnJquD1/x5a7EQZMJT0AczqK0Qn67oY/TTQ1LbUKajZpp3I9tQ==}
    engines: {node: '>=8.0.0'}

  buffer-from@1.1.2:
    resolution: {integrity: sha512-E+XQCRwSbaaiChtv6k6Dwgc+bx+Bs6vuKJHHl5kox/BaKbhiXzqQOwK4cO22yElGp2OCmjwVhT3HmxgyPGnJfQ==}

  colorette@2.0.20:
    resolution: {integrity: sha512-IfEDxwoWIjkeXL1eXcDiow4UbKjhLdq6/EuSVR9GMN7KVH3r9gQ83e73hsz1Nd1T3ijd5xv1wcWRYO+D6kCI2w==}

  commander@11.1.0:
    resolution: {integrity: sha512-yPVavfyCcRhmorC7rWlkHn15b4wDVgVmBA7kV4QVBsF7kv/9TKJAbAXVTxvTnwP8HHKjRCJDClKbciiYS7p0DQ==}
    engines: {node: '>=16'}

  cross-spawn@7.0.6:
    resolution: {integrity: sha512-uV2QOWP2nWzsy2aMp8aRibhi9dlzF5Hgh5SHaB9OiTGEyDTiJJyx0uy51QXdyWbtAHNua4XJzUKca3OzKUd3vA==}
    engines: {node: '>= 8'}

  dateformat@4.6.3:
    resolution: {integrity: sha512-2P0p0pFGzHS5EMnhdxQi7aJN+iMheud0UhG4dlE1DLAlvL8JHjJJTX/CSm4JXwV0Ka5nGk3zC5mcb5bUQUxxMA==}

  debug@4.4.1:
    resolution: {integrity: sha512-KcKCqiftBJcZr++7ykoDIEwSa3XWowTfNPo92BYxjXiyYEVrUQh2aLyhxBCwww+heortUFxEJYcRzosstTEBYQ==}
    engines: {node: '>=6.0'}
    peerDependencies:
      supports-color: '*'
    peerDependenciesMeta:
      supports-color:
        optional: true

  dotenv@17.2.1:
    resolution: {integrity: sha512-kQhDYKZecqnM0fCnzI5eIv5L4cAe/iRI+HqMbO/hbRdTAeXDG+M9FjipUxNfbARuEg4iHIbhnhs78BCHNbSxEQ==}
    engines: {node: '>=12'}

  eciesjs@0.4.15:
    resolution: {integrity: sha512-r6kEJXDKecVOCj2nLMuXK/FCPeurW33+3JRpfXVbjLja3XUYFfD9I/JBreH6sUyzcm3G/YQboBjMla6poKeSdA==}
    engines: {bun: '>=1', deno: '>=2', node: '>=16'}

  end-of-stream@1.4.5:
    resolution: {integrity: sha512-ooEGc6HP26xXq/N+GCGOT0JKCLDGrq2bQUZrQ7gyrJiZANJ/8YDTxTpQBXGMn+WbIQXNVpyWymm7KYVICQnyOg==}

  execa@5.1.1:
    resolution: {integrity: sha512-8uSpZZocAZRBAPIEINJj3Lo9HyGitllczc27Eh5YYojjMFMn8yHMDMaUHE2Jqfq05D/wucwI4JGURyXt1vchyg==}
    engines: {node: '>=10'}

  fast-copy@3.0.2:
    resolution: {integrity: sha512-dl0O9Vhju8IrcLndv2eU4ldt1ftXMqqfgN4H1cpmGV7P6jeB9FwpN9a2c8DPGE1Ys88rNUJVYDHq73CGAGOPfQ==}

  fast-redact@3.5.0:
    resolution: {integrity: sha512-dwsoQlS7h9hMeYUq1W++23NDcBLV4KqONnITDV9DjfS3q1SgDGVrBdvvTLUotWtPSD7asWDV9/CmsZPy8Hf70A==}
    engines: {node: '>=6'}

  fast-safe-stringify@2.1.1:
    resolution: {integrity: sha512-W+KJc2dmILlPplD/H4K9l9LcAHAfPtP6BY84uVLXQ6Evcz9Lcg33Y2z1IVblT6xdY54PXYVHEv+0Wpq8Io6zkA==}

  fdir@6.5.0:
    resolution: {integrity: sha512-tIbYtZbucOs0BRGqPJkshJUYdL+SDH7dVM8gjy+ERp3WAUjLEFJE+02kanyHtwjWOnwrKYBiwAmM0p4kLJAnXg==}
    engines: {node: '>=12.0.0'}
    peerDependencies:
      picomatch: ^3 || ^4
    peerDependenciesMeta:
      picomatch:
        optional: true

  get-stream@6.0.1:
    resolution: {integrity: sha512-ts6Wi+2j3jQjqi70w5AlN8DFnkSwC+MqmxEzdEALB2qXZYV3X/b1CTfgPLGJNMeAWxdPfU8FO1ms3NUfaHCPYg==}
    engines: {node: '>=10'}

  help-me@5.0.0:
    resolution: {integrity: sha512-7xgomUX6ADmcYzFik0HzAxh/73YlKR9bmFzf51CZwR+b6YtzU2m0u49hQCqV6SvlqIqsaxovfwdvbnsw3b/zpg==}

  human-signals@2.1.0:
    resolution: {integrity: sha512-B4FFZ6q/T2jhhksgkbEW3HBvWIfDW85snkQgawt07S7J5QXTk6BkNV+0yAeZrM5QpMAdYlocGoljn0sJ/WQkFw==}
    engines: {node: '>=10.17.0'}

  ignore@5.3.2:
    resolution: {integrity: sha512-hsBTNUqQTDwkWtcdYI2i06Y/nUBEsNEDJKjWdigLvegy8kDuJAS8uRlpkkcQpyEXL0Z/pjDy5HBmMjRCJ2gq+g==}
    engines: {node: '>= 4'}

  is-stream@2.0.1:
    resolution: {integrity: sha512-hFoiJiTl63nn+kstHGBtewWSKnQLpyb155KHheA1l39uvtO9nWIop1p3udqPcUd/xbF1VLMO4n7OI6p7RbngDg==}
    engines: {node: '>=8'}

  isexe@2.0.0:
    resolution: {integrity: sha512-RHxMLp9lnKHGHRng9QFhRCMbYAcVpn69smSGcq3f36xjgVVWThj4qqLbTLlq7Ssj8B+fIQ1EuCEGI2lKsyQeIw==}

  isexe@3.1.1:
    resolution: {integrity: sha512-LpB/54B+/2J5hqQ7imZHfdU31OlgQqx7ZicVlkm9kzg9/w8GKLEcFfJl/t7DCEDueOyBAD6zCCwTO6Fzs0NoEQ==}
    engines: {node: '>=16'}

  joycon@3.1.1:
    resolution: {integrity: sha512-34wB/Y7MW7bzjKRjUKTa46I2Z7eV62Rkhva+KkopW7Qvv/OSWBqvkSY7vusOPrNuZcUG3tApvdVgNB8POj3SPw==}
    engines: {node: '>=10'}

  merge-stream@2.0.0:
    resolution: {integrity: sha512-abv/qOcuPfk3URPfDzmZU1LKmuw8kT+0nIHvKrKgFrwifol/doWcdA4ZqsWQ8ENrFKkd67Mfpo/LovbIUsbt3w==}

  mimic-fn@2.1.0:
    resolution: {integrity: sha512-OqbOk5oEQeAZ8WXWydlu9HJjz9WVdEIvamMCcXmuqUYjTknH/sqsWvhQ3vgwKFRR1HpjvNBKQ37nbJgYzGqGcg==}
    engines: {node: '>=6'}

  minimist@1.2.8:
    resolution: {integrity: sha512-2yyAR8qBkN3YuheJanUpWC5U3bb5osDywNB8RzDVlDwDHbocAJveqqj1u8+SVD7jkWT4yvsHCpWqqWqAxb0zCA==}

  ms@2.1.3:
    resolution: {integrity: sha512-6FlzubTLZG3J2a/NVCAleEhjzq5oxgHyaCU9yYXvcLsvoVaHJq/s5xXI6/XXP6tz7R9xAOtHnSO/tXtF3WRTlA==}

  napi-postinstall@0.3.3:
    resolution: {integrity: sha512-uTp172LLXSxuSYHv/kou+f6KW3SMppU9ivthaVTXian9sOt3XM/zHYHpRZiLgQoxeWfYUnslNWQHF1+G71xcow==}
    engines: {node: ^12.20.0 || ^14.18.0 || >=16.0.0}
    hasBin: true

  npm-run-path@4.0.1:
    resolution: {integrity: sha512-S48WzZW777zhNIrn7gxOlISNAqi9ZC/uQFnRdbeIHhZhCA6UqpkOT8T1G7BvfdgP4Er8gF4sUbaS0i7QvIfCWw==}
    engines: {node: '>=8'}

  object-treeify@1.1.33:
    resolution: {integrity: sha512-EFVjAYfzWqWsBMRHPMAXLCDIJnpMhdWAqR7xG6M6a2cs6PMFpl/+Z20w9zDW4vkxOFfddegBKq9Rehd0bxWE7A==}
    engines: {node: '>= 10'}

  on-exit-leak-free@2.1.2:
    resolution: {integrity: sha512-0eJJY6hXLGf1udHwfNftBqH+g73EU4B504nZeKpz1sYRKafAghwxEJunB2O7rDZkL4PGfsMVnTXZ2EjibbqcsA==}
    engines: {node: '>=14.0.0'}

  once@1.4.0:
    resolution: {integrity: sha512-lNaJgI+2Q5URQBkccEKHTQOPaXdUxnZZElQTZY0MFUAuaEqe1E+Nyvgdz/aIyNi6Z9MzO5dv1H8n58/GELp3+w==}

  onetime@5.1.2:
    resolution: {integrity: sha512-kbpaSSGJTWdAY5KPVeMOKXSrPtr8C8C7wodJbcsd51jRnmD+GZu8Y0VoU6Dm5Z4vWr0Ig/1NKuWRKf7j5aaYSg==}
    engines: {node: '>=6'}

  oxc-resolver@11.6.2:
    resolution: {integrity: sha512-9lXwNQUzgPs5UgjKig5+EINESHYJCFsRQLzPyjWLc7sshl6ZXvXPiQfEGqUIs2fsd9SdV/jYmL7IuaK43cL0SA==}

  path-key@3.1.1:
    resolution: {integrity: sha512-ojmeN0qd+y0jszEtoY48r0Peq5dwMEkIlCOu6Q5f41lfkswXuKtYrhgoTpLnyIcHm24Uhqx+5Tqm2InSwLhE6Q==}
    engines: {node: '>=8'}

  picomatch@4.0.3:
    resolution: {integrity: sha512-5gTmgEY/sqK6gFXLIsQNH19lWb4ebPDLA4SdLP7dsWkIXHWlG66oPuVvXSGFPppYZz8ZDZq0dYYrbHfBCVUb1Q==}
    engines: {node: '>=12'}

  pino-abstract-transport@2.0.0:
    resolution: {integrity: sha512-F63x5tizV6WCh4R6RHyi2Ml+M70DNRXt/+HANowMflpgGFMAym/VKm6G7ZOQRjqN7XbGxK1Lg9t6ZrtzOaivMw==}

  pino-pretty@13.1.1:
    resolution: {integrity: sha512-TNNEOg0eA0u+/WuqH0MH0Xui7uqVk9D74ESOpjtebSQYbNWJk/dIxCXIxFsNfeN53JmtWqYHP2OrIZjT/CBEnA==}
    hasBin: true

  pino-std-serializers@7.0.0:
    resolution: {integrity: sha512-e906FRY0+tV27iq4juKzSYPbUj2do2X2JX4EzSca1631EB2QJQUqGbDuERal7LCtOpxl6x3+nvo9NPZcmjkiFA==}

  pino@9.9.0:
    resolution: {integrity: sha512-zxsRIQG9HzG+jEljmvmZupOMDUQ0Jpj0yAgE28jQvvrdYTlEaiGwelJpdndMl/MBuRr70heIj83QyqJUWaU8mQ==}
    hasBin: true

  pirates@4.0.7:
    resolution: {integrity: sha512-TfySrs/5nm8fQJDcBDuUng3VOUKsd7S+zqvbOTiGXHfxX4wK31ard+hoNuvkicM/2YFzlpDgABOevKSsB4G/FA==}
    engines: {node: '>= 6'}

  process-warning@5.0.0:
    resolution: {integrity: sha512-a39t9ApHNx2L4+HBnQKqxxHNs1r7KF+Intd8Q/g1bUh6q0WIp9voPXJ/x0j+ZL45KF1pJd9+q2jLIRMfvEshkA==}

  pump@3.0.3:
    resolution: {integrity: sha512-todwxLMY7/heScKmntwQG8CXVkWUOdYxIvY2s0VWAAMh/nd8SoYiRaKjlr7+iCs984f2P8zvrfWcDDYVb73NfA==}

  quick-format-unescaped@4.0.4:
    resolution: {integrity: sha512-tYC1Q1hgyRuHgloV/YXs2w15unPVh8qfu/qCTfhTYamaw7fyhumKa2yGpdSo87vY32rIclj+4fWYQXUMs9EHvg==}

  real-require@0.2.0:
    resolution: {integrity: sha512-57frrGM/OCTLqLOAh0mhVA9VBMHd+9U7Zb2THMGdBUoZVOtGbJzjxsYGDJ3A9AYYCP4hn6y1TVbaOfzWtm5GFg==}
    engines: {node: '>= 12.13.0'}

  safe-stable-stringify@2.5.0:
    resolution: {integrity: sha512-b3rppTKm9T+PsVCBEOUR46GWI7fdOs00VKZ1+9c1EWDaDMvjQc6tUwuFyIprgGgTcWoVHSKrU8H31ZHA2e0RHA==}
    engines: {node: '>=10'}

  secure-json-parse@4.0.0:
    resolution: {integrity: sha512-dxtLJO6sc35jWidmLxo7ij+Eg48PM/kleBsxpC8QJE0qJICe+KawkDQmvCMZUr9u7WKVHgMW6vy3fQ7zMiFZMA==}

  shebang-command@2.0.0:
    resolution: {integrity: sha512-kHxr2zZpYtdmrN1qDjrrX/Z1rR1kG8Dx+gkpK1G4eXmvXswmcE1hTWBWYUzlraYw1/yZp6YuDY77YtvbN0dmDA==}
    engines: {node: '>=8'}

  shebang-regex@3.0.0:
    resolution: {integrity: sha512-7++dFhtcx3353uBaq8DDR4NuxBetBzC7ZQOhmTQInHEd6bSrXdiEyzCvG07Z44UYdLShWUyXt5M/yhz8ekcb1A==}
    engines: {node: '>=8'}

  signal-exit@3.0.7:
    resolution: {integrity: sha512-wnD2ZE+l+SPC/uoS0vXeE9L1+0wuaMqKlfz9AMUo38JsyLSBWSFcHR1Rri62LZc12vLr1gb3jl7iwQhgwpAbGQ==}

  sonic-boom@4.2.0:
    resolution: {integrity: sha512-INb7TM37/mAcsGmc9hyyI6+QR3rR1zVRu36B0NeGXKnOOLiZOfER5SA+N7X7k3yUYRzLWafduTDvJAfDswwEww==}

  source-map-support@0.5.21:
    resolution: {integrity: sha512-uBHU3L3czsIyYXKX88fdrGovxdSCoTGDRZ6SYXtSRxLZUzHg5P/66Ht6uoUlHu9EZod+inXhKo3qQgwXUT/y1w==}

  source-map@0.6.1:
    resolution: {integrity: sha512-UjgapumWlbMhkBgzT7Ykc5YXUT46F0iKu8SGXq0bcwP5dz/h0Plj6enJqjz1Zbq2l5WaqYnrVbwWOWMyF3F47g==}
    engines: {node: '>=0.10.0'}

  split2@4.2.0:
    resolution: {integrity: sha512-UcjcJOWknrNkF6PLX83qcHM6KHgVKNkV62Y8a5uYDVv9ydGQVwAHMKqHdJje1VTWpljG0WYpCDhrCdAOYH4TWg==}
    engines: {node: '>= 10.x'}

  strip-final-newline@2.0.0:
    resolution: {integrity: sha512-BrpvfNAE3dcvq7ll3xVumzjKjZQ5tI1sEUIKr3Uoks0XUl45St3FlatVqef9prk4jRDzhW6WZg+3bk93y6pLjA==}
    engines: {node: '>=6'}

  strip-json-comments@5.0.3:
    resolution: {integrity: sha512-1tB5mhVo7U+ETBKNf92xT4hrQa3pm0MZ0PQvuDnWgAAGHDsfp4lPSpiS6psrSiet87wyGPh9ft6wmhOMQ0hDiw==}
    engines: {node: '>=14.16'}

  thread-stream@3.1.0:
    resolution: {integrity: sha512-OqyPZ9u96VohAyMfJykzmivOrY2wfMSf3C5TtFJVgN+Hm6aj+voFhlK+kZEIv2FBh1X6Xp3DlnCOfEQ3B2J86A==}

  tslib@2.8.1:
    resolution: {integrity: sha512-oJFu94HQb+KVduSUQL7wnpmqnfmLsOA/nAh6b6EH0wCEoK0/mPeXU6c3wKDV83MkOuHPRHtSXKKU99IBazS/2w==}

  turbo-darwin-64@2.5.6:
    resolution: {integrity: sha512-3C1xEdo4aFwMJAPvtlPqz1Sw/+cddWIOmsalHFMrsqqydcptwBfu26WW2cDm3u93bUzMbBJ8k3zNKFqxJ9ei2A==}
    cpu: [x64]
    os: [darwin]

  turbo-darwin-arm64@2.5.6:
    resolution: {integrity: sha512-LyiG+rD7JhMfYwLqB6k3LZQtYn8CQQUePbpA8mF/hMLPAekXdJo1g0bUPw8RZLwQXUIU/3BU7tXENvhSGz5DPA==}
    cpu: [arm64]
    os: [darwin]

  turbo-linux-64@2.5.6:
    resolution: {integrity: sha512-GOcUTT0xiT/pSnHL4YD6Yr3HreUhU8pUcGqcI2ksIF9b2/r/kRHwGFcsHgpG3+vtZF/kwsP0MV8FTlTObxsYIA==}
    cpu: [x64]
    os: [linux]

  turbo-linux-arm64@2.5.6:
    resolution: {integrity: sha512-10Tm15bruJEA3m0V7iZcnQBpObGBcOgUcO+sY7/2vk1bweW34LMhkWi8svjV9iDF68+KJDThnYDlYE/bc7/zzQ==}
    cpu: [arm64]
    os: [linux]

  turbo-windows-64@2.5.6:
    resolution: {integrity: sha512-FyRsVpgaj76It0ludwZsNN40ytHN+17E4PFJyeliBEbxrGTc5BexlXVpufB7XlAaoaZVxbS6KT8RofLfDRyEPg==}
    cpu: [x64]
    os: [win32]

  turbo-windows-arm64@2.5.6:
    resolution: {integrity: sha512-j/tWu8cMeQ7HPpKri6jvKtyXg9K1gRyhdK4tKrrchH8GNHscPX/F71zax58yYtLRWTiK04zNzPcUJuoS0+v/+Q==}
    cpu: [arm64]
    os: [win32]

  turbo@2.5.6:
    resolution: {integrity: sha512-gxToHmi9oTBNB05UjUsrWf0OyN5ZXtD0apOarC1KIx232Vp3WimRNy3810QzeNSgyD5rsaIDXlxlbnOzlouo+w==}
    hasBin: true

  typescript@5.9.2:
    resolution: {integrity: sha512-CWBzXQrc/qOkhidw1OzBTQuYRbfyxDXJMVJ1XNwUHGROVmuaeiEm3OslpZ1RV96d7SKKjZKrSJu3+t/xlw3R9A==}
    engines: {node: '>=14.17'}
    hasBin: true

  undici-types@6.21.0:
    resolution: {integrity: sha512-iwDZqg0QAGrg9Rav5H4n0M64c3mkR59cJ6wQp+7C4nI0gsmExaedaYLNO44eT4AtBBwjbTiGPMlt2Md0T9H9JQ==}

  undici-types@7.10.0:
    resolution: {integrity: sha512-t5Fy/nfn+14LuOc2KNYg75vZqClpAiqscVvMygNnlsHBFpSXdJaYtXMcdNLpl/Qvc3P2cB3s6lOV51nqsFq4ag==}

  which@2.0.2:
    resolution: {integrity: sha512-BLI3Tl1TW3Pvl70l3yq3Y64i+awpwXqsGBYWkkqMtnbXgrMD+yj7rhW0kuEDxzJaYXGjEW5ogapKNMEKNMjibA==}
    engines: {node: '>= 8'}
    hasBin: true

  which@4.0.0:
    resolution: {integrity: sha512-GlaYyEb07DPxYCKhKzplCWBJtvxZcZMrL+4UkrTSJHHPyZU4mYYTv3qaOe77H7EODLSSopAUFAc6W8U4yqvscg==}
    engines: {node: ^16.13.0 || >=18.0.0}
    hasBin: true

  wrappy@1.0.2:
    resolution: {integrity: sha512-l4Sp/DRseor9wL6EvV2+TuQn63dMkPjZ/sp9XkghTEbV9KlPS1xUsZ3u7/IQO4wxtcFB4bgpQPRcR3QCvezPcQ==}

  zod@4.1.1:
    resolution: {integrity: sha512-SgMZK/h8Tigt9nnKkfJMvB/mKjiJXaX26xegP4sa+0wHIFVFWVlsQGdhklDmuargBD3Hsi3rsQRIzwJIhTPJHA==}

snapshots:

  '@biomejs/biome@2.2.2':
    optionalDependencies:
      '@biomejs/cli-darwin-arm64': 2.2.2
      '@biomejs/cli-darwin-x64': 2.2.2
      '@biomejs/cli-linux-arm64': 2.2.2
      '@biomejs/cli-linux-arm64-musl': 2.2.2
      '@biomejs/cli-linux-x64': 2.2.2
      '@biomejs/cli-linux-x64-musl': 2.2.2
      '@biomejs/cli-win32-arm64': 2.2.2
      '@biomejs/cli-win32-x64': 2.2.2

  '@biomejs/cli-darwin-arm64@2.2.2':
    optional: true

  '@biomejs/cli-darwin-x64@2.2.2':
    optional: true

  '@biomejs/cli-linux-arm64-musl@2.2.2':
    optional: true

  '@biomejs/cli-linux-arm64@2.2.2':
    optional: true

  '@biomejs/cli-linux-x64-musl@2.2.2':
    optional: true

  '@biomejs/cli-linux-x64@2.2.2':
    optional: true

  '@biomejs/cli-win32-arm64@2.2.2':
    optional: true

  '@biomejs/cli-win32-x64@2.2.2':
    optional: true

  '@dotenvx/dotenvx@1.49.0':
    dependencies:
      commander: 11.1.0
      dotenv: 17.2.1
      eciesjs: 0.4.15
      execa: 5.1.1
      fdir: 6.5.0(picomatch@4.0.3)
      ignore: 5.3.2
      object-treeify: 1.1.33
      picomatch: 4.0.3
      which: 4.0.0

  '@ecies/ciphers@0.2.4(@noble/ciphers@1.3.0)':
    dependencies:
      '@noble/ciphers': 1.3.0

  '@emnapi/core@1.4.5':
    dependencies:
      '@emnapi/wasi-threads': 1.0.4
      tslib: 2.8.1
    optional: true

  '@emnapi/runtime@1.4.5':
    dependencies:
      tslib: 2.8.1
    optional: true

  '@emnapi/wasi-threads@1.0.4':
    dependencies:
      tslib: 2.8.1
    optional: true

  '@napi-rs/wasm-runtime@1.0.3':
    dependencies:
      '@emnapi/core': 1.4.5
      '@emnapi/runtime': 1.4.5
      '@tybys/wasm-util': 0.10.0
    optional: true

  '@noble/ciphers@1.3.0': {}

  '@noble/curves@1.9.7':
    dependencies:
      '@noble/hashes': 1.8.0

  '@noble/hashes@1.8.0': {}

  '@oxc-resolver/binding-android-arm-eabi@11.6.2':
    optional: true

  '@oxc-resolver/binding-android-arm64@11.6.2':
    optional: true

  '@oxc-resolver/binding-darwin-arm64@11.6.2':
    optional: true

  '@oxc-resolver/binding-darwin-x64@11.6.2':
    optional: true

  '@oxc-resolver/binding-freebsd-x64@11.6.2':
    optional: true

  '@oxc-resolver/binding-linux-arm-gnueabihf@11.6.2':
    optional: true

  '@oxc-resolver/binding-linux-arm-musleabihf@11.6.2':
    optional: true

  '@oxc-resolver/binding-linux-arm64-gnu@11.6.2':
    optional: true

  '@oxc-resolver/binding-linux-arm64-musl@11.6.2':
    optional: true

  '@oxc-resolver/binding-linux-ppc64-gnu@11.6.2':
    optional: true

  '@oxc-resolver/binding-linux-riscv64-gnu@11.6.2':
    optional: true

  '@oxc-resolver/binding-linux-riscv64-musl@11.6.2':
    optional: true

  '@oxc-resolver/binding-linux-s390x-gnu@11.6.2':
    optional: true

  '@oxc-resolver/binding-linux-x64-gnu@11.6.2':
    optional: true

  '@oxc-resolver/binding-linux-x64-musl@11.6.2':
    optional: true

  '@oxc-resolver/binding-wasm32-wasi@11.6.2':
    dependencies:
      '@napi-rs/wasm-runtime': 1.0.3
    optional: true

  '@oxc-resolver/binding-win32-arm64-msvc@11.6.2':
    optional: true

  '@oxc-resolver/binding-win32-ia32-msvc@11.6.2':
    optional: true

  '@oxc-resolver/binding-win32-x64-msvc@11.6.2':
    optional: true

  '@swc-node/core@1.14.1(@swc/core@1.13.5)(@swc/types@0.1.24)':
    dependencies:
      '@swc/core': 1.13.5
      '@swc/types': 0.1.24

  '@swc-node/register@1.11.1(@swc/core@1.13.5)(@swc/types@0.1.24)(typescript@5.9.2)':
    dependencies:
      '@swc-node/core': 1.14.1(@swc/core@1.13.5)(@swc/types@0.1.24)
      '@swc-node/sourcemap-support': 0.6.1
      '@swc/core': 1.13.5
      colorette: 2.0.20
      debug: 4.4.1
      oxc-resolver: 11.6.2
      pirates: 4.0.7
      tslib: 2.8.1
      typescript: 5.9.2
    transitivePeerDependencies:
      - '@swc/types'
      - supports-color

  '@swc-node/sourcemap-support@0.6.1':
    dependencies:
      source-map-support: 0.5.21
      tslib: 2.8.1

  '@swc/core-darwin-arm64@1.13.5':
    optional: true

  '@swc/core-darwin-x64@1.13.5':
    optional: true

  '@swc/core-linux-arm-gnueabihf@1.13.5':
    optional: true

  '@swc/core-linux-arm64-gnu@1.13.5':
    optional: true

  '@swc/core-linux-arm64-musl@1.13.5':
    optional: true

  '@swc/core-linux-x64-gnu@1.13.5':
    optional: true

  '@swc/core-linux-x64-musl@1.13.5':
    optional: true

  '@swc/core-win32-arm64-msvc@1.13.5':
    optional: true

  '@swc/core-win32-ia32-msvc@1.13.5':
    optional: true

  '@swc/core-win32-x64-msvc@1.13.5':
    optional: true

  '@swc/core@1.13.5':
    dependencies:
      '@swc/counter': 0.1.3
      '@swc/types': 0.1.24
    optionalDependencies:
      '@swc/core-darwin-arm64': 1.13.5
      '@swc/core-darwin-x64': 1.13.5
      '@swc/core-linux-arm-gnueabihf': 1.13.5
      '@swc/core-linux-arm64-gnu': 1.13.5
      '@swc/core-linux-arm64-musl': 1.13.5
      '@swc/core-linux-x64-gnu': 1.13.5
      '@swc/core-linux-x64-musl': 1.13.5
      '@swc/core-win32-arm64-msvc': 1.13.5
      '@swc/core-win32-ia32-msvc': 1.13.5
      '@swc/core-win32-x64-msvc': 1.13.5

  '@swc/counter@0.1.3': {}

  '@swc/types@0.1.24':
    dependencies:
      '@swc/counter': 0.1.3

  '@tybys/wasm-util@0.10.0':
    dependencies:
      tslib: 2.8.1
    optional: true

  '@types/node@22.17.2':
    dependencies:
      undici-types: 6.21.0

  '@types/node@24.3.0':
    dependencies:
      undici-types: 7.10.0

  atomic-sleep@1.0.0: {}

  buffer-from@1.1.2: {}

  colorette@2.0.20: {}

  commander@11.1.0: {}

  cross-spawn@7.0.6:
    dependencies:
      path-key: 3.1.1
      shebang-command: 2.0.0
      which: 2.0.2

  dateformat@4.6.3: {}

  debug@4.4.1:
    dependencies:
      ms: 2.1.3

  dotenv@17.2.1: {}

  eciesjs@0.4.15:
    dependencies:
      '@ecies/ciphers': 0.2.4(@noble/ciphers@1.3.0)
      '@noble/ciphers': 1.3.0
      '@noble/curves': 1.9.7
      '@noble/hashes': 1.8.0

  end-of-stream@1.4.5:
    dependencies:
      once: 1.4.0

  execa@5.1.1:
    dependencies:
      cross-spawn: 7.0.6
      get-stream: 6.0.1
      human-signals: 2.1.0
      is-stream: 2.0.1
      merge-stream: 2.0.0
      npm-run-path: 4.0.1
      onetime: 5.1.2
      signal-exit: 3.0.7
      strip-final-newline: 2.0.0

  fast-copy@3.0.2: {}

  fast-redact@3.5.0: {}

  fast-safe-stringify@2.1.1: {}

  fdir@6.5.0(picomatch@4.0.3):
    optionalDependencies:
      picomatch: 4.0.3

  get-stream@6.0.1: {}

  help-me@5.0.0: {}

  human-signals@2.1.0: {}

  ignore@5.3.2: {}

  is-stream@2.0.1: {}

  isexe@2.0.0: {}

  isexe@3.1.1: {}

  joycon@3.1.1: {}

  merge-stream@2.0.0: {}

  mimic-fn@2.1.0: {}

  minimist@1.2.8: {}

  ms@2.1.3: {}

  napi-postinstall@0.3.3: {}

  npm-run-path@4.0.1:
    dependencies:
      path-key: 3.1.1

  object-treeify@1.1.33: {}

  on-exit-leak-free@2.1.2: {}

  once@1.4.0:
    dependencies:
      wrappy: 1.0.2

  onetime@5.1.2:
    dependencies:
      mimic-fn: 2.1.0

  oxc-resolver@11.6.2:
    dependencies:
      napi-postinstall: 0.3.3
    optionalDependencies:
      '@oxc-resolver/binding-android-arm-eabi': 11.6.2
      '@oxc-resolver/binding-android-arm64': 11.6.2
      '@oxc-resolver/binding-darwin-arm64': 11.6.2
      '@oxc-resolver/binding-darwin-x64': 11.6.2
      '@oxc-resolver/binding-freebsd-x64': 11.6.2
      '@oxc-resolver/binding-linux-arm-gnueabihf': 11.6.2
      '@oxc-resolver/binding-linux-arm-musleabihf': 11.6.2
      '@oxc-resolver/binding-linux-arm64-gnu': 11.6.2
      '@oxc-resolver/binding-linux-arm64-musl': 11.6.2
      '@oxc-resolver/binding-linux-ppc64-gnu': 11.6.2
      '@oxc-resolver/binding-linux-riscv64-gnu': 11.6.2
      '@oxc-resolver/binding-linux-riscv64-musl': 11.6.2
      '@oxc-resolver/binding-linux-s390x-gnu': 11.6.2
      '@oxc-resolver/binding-linux-x64-gnu': 11.6.2
      '@oxc-resolver/binding-linux-x64-musl': 11.6.2
      '@oxc-resolver/binding-wasm32-wasi': 11.6.2
      '@oxc-resolver/binding-win32-arm64-msvc': 11.6.2
      '@oxc-resolver/binding-win32-ia32-msvc': 11.6.2
      '@oxc-resolver/binding-win32-x64-msvc': 11.6.2

  path-key@3.1.1: {}

  picomatch@4.0.3: {}

  pino-abstract-transport@2.0.0:
    dependencies:
      split2: 4.2.0

  pino-pretty@13.1.1:
    dependencies:
      colorette: 2.0.20
      dateformat: 4.6.3
      fast-copy: 3.0.2
      fast-safe-stringify: 2.1.1
      help-me: 5.0.0
      joycon: 3.1.1
      minimist: 1.2.8
      on-exit-leak-free: 2.1.2
      pino-abstract-transport: 2.0.0
      pump: 3.0.3
      secure-json-parse: 4.0.0
      sonic-boom: 4.2.0
      strip-json-comments: 5.0.3

  pino-std-serializers@7.0.0: {}

  pino@9.9.0:
    dependencies:
      atomic-sleep: 1.0.0
      fast-redact: 3.5.0
      on-exit-leak-free: 2.1.2
      pino-abstract-transport: 2.0.0
      pino-std-serializers: 7.0.0
      process-warning: 5.0.0
      quick-format-unescaped: 4.0.4
      real-require: 0.2.0
      safe-stable-stringify: 2.5.0
      sonic-boom: 4.2.0
      thread-stream: 3.1.0

  pirates@4.0.7: {}

  process-warning@5.0.0: {}

  pump@3.0.3:
    dependencies:
      end-of-stream: 1.4.5
      once: 1.4.0

  quick-format-unescaped@4.0.4: {}

  real-require@0.2.0: {}

  safe-stable-stringify@2.5.0: {}

  secure-json-parse@4.0.0: {}

  shebang-command@2.0.0:
    dependencies:
      shebang-regex: 3.0.0

  shebang-regex@3.0.0: {}

  signal-exit@3.0.7: {}

  sonic-boom@4.2.0:
    dependencies:
      atomic-sleep: 1.0.0

  source-map-support@0.5.21:
    dependencies:
      buffer-from: 1.1.2
      source-map: 0.6.1

  source-map@0.6.1: {}

  split2@4.2.0: {}

  strip-final-newline@2.0.0: {}

  strip-json-comments@5.0.3: {}

  thread-stream@3.1.0:
    dependencies:
      real-require: 0.2.0

  tslib@2.8.1: {}

  turbo-darwin-64@2.5.6:
    optional: true

  turbo-darwin-arm64@2.5.6:
    optional: true

  turbo-linux-64@2.5.6:
    optional: true

  turbo-linux-arm64@2.5.6:
    optional: true

  turbo-windows-64@2.5.6:
    optional: true

  turbo-windows-arm64@2.5.6:
    optional: true

  turbo@2.5.6:
    optionalDependencies:
      turbo-darwin-64: 2.5.6
      turbo-darwin-arm64: 2.5.6
      turbo-linux-64: 2.5.6
      turbo-linux-arm64: 2.5.6
      turbo-windows-64: 2.5.6
      turbo-windows-arm64: 2.5.6

  typescript@5.9.2: {}

  undici-types@6.21.0: {}

  undici-types@7.10.0: {}

  which@2.0.2:
    dependencies:
      isexe: 2.0.0

  which@4.0.0:
    dependencies:
      isexe: 3.1.1

  wrappy@1.0.2: {}

  zod@4.1.1: {}
