lockfileVersion: '9.0'

settings:
  autoInstallPeers: true
  excludeLinksFromLockfile: false

importers:

  .:
    dependencies:
      '@supabase/postgrest-js':
        specifier: ^2.81.0
        version: 2.81.0
    devDependencies:
      '@types/node':
        specifier: ^22.16.4
        version: 22.19.0
      dbmate:
        specifier: ^2.28.0
        version: 2.28.0
      typescript:
        specifier: ^5.9.2
        version: 5.9.3

packages:

  '@dbmate/darwin-arm64@2.28.0':
    resolution: {integrity: sha512-ZFjSS9ceCF6Gr87qUZ96Ow08P5k1l0kiMNZEwni66gVIPseZFDLLIeaHBGOaVbcDyevFBlrWQb8+LESOKmGsOw==}
    cpu: [arm64]
    os: [darwin]

  '@dbmate/darwin-x64@2.28.0':
    resolution: {integrity: sha512-7LA94QnQk9pnaC+tMOwHzx6wloZ160vGcW02mCz+6dHFdFk/Bha/zUgQFClg+wGlbqLKXqYfKLKYJnDjCEHa8w==}
    cpu: [x64]
    os: [darwin]

  '@dbmate/linux-arm64@2.28.0':
    resolution: {integrity: sha512-K8XY3L0RB0qZ//Ct4ZuB5T3zwFGegbV2QUtvM7Dak5C178E0LQDl8uD2E6WURvV7oSpyjpCh9iq+4LoZ6N+EkQ==}
    cpu: [arm64]
    os: [linux]

  '@dbmate/linux-arm@2.28.0':
    resolution: {integrity: sha512-mxZ5dd1RxiIGbh5l8Yc0r8/NXNRf0tz9UJ2hXZ63cmPoKwq9EQoPC6OChz3ahWO1/qdlgiCLy8iTeuvAl4RScA==}
    cpu: [arm]
    os: [linux]

  '@dbmate/linux-ia32@2.28.0':
    resolution: {integrity: sha512-O+3AZT/aVa4qD7FQ44MNBhx2enel3f+Ioh4IXDvDdPqbzm4wjNj8DlHF3d9hJ0AwfEuq27KWyPqZi9pRmxdM6Q==}
    cpu: [ia32]
    os: [linux]

  '@dbmate/linux-x64@2.28.0':
    resolution: {integrity: sha512-S4pV5HstfN/uLtrMcouxhn0zcErUGco98LWfzjY4Ylcv2pnc6rfzS6bBO6q0dHFbSPPZWOlsTY6Dw7WU4Uqcaw==}
    cpu: [x64]
    os: [linux]

  '@dbmate/win32-x64@2.28.0':
    resolution: {integrity: sha512-AmP8/XkG8vXGhE0UcTxIujJcNSHuUpEGBG4hzKoAdvcWUKX6CYGyskiWfhBBe13O8xUBmii+kQ79uG75NUYlTw==}
    cpu: [x64]
    os: [win32]

  '@supabase/postgrest-js@2.81.0':
    resolution: {integrity: sha512-HdybTRf5Sy+gBxzgwkag+WkvV8QqMXhnKQ383YG51lCbm8p82CuCcUTzGy2xFHiA2ZXnnlkSzrfw8uKFAiAiog==}
    engines: {node: '>=20.0.0'}

  '@types/node@22.19.0':
    resolution: {integrity: sha512-xpr/lmLPQEj+TUnHmR+Ab91/glhJvsqcjB+yY0Ix9GO70H6Lb4FHH5GeqdOE5btAx7eIMwuHkp4H2MSkLcqWbA==}

  dbmate@2.28.0:
    resolution: {integrity: sha512-kbJ+Aqna/SOsS86RuimX8X/qmo9ItG00EYMUfUQmo3xGoXBac4+PZwOYV0fVPIGakIRljNolhfJySkPAFjmZsA==}
    hasBin: true

  tslib@2.8.1:
    resolution: {integrity: sha512-oJFu94HQb+KVduSUQL7wnpmqnfmLsOA/nAh6b6EH0wCEoK0/mPeXU6c3wKDV83MkOuHPRHtSXKKU99IBazS/2w==}

  typescript@5.9.3:
    resolution: {integrity: sha512-jl1vZzPDinLr9eUt3J/t7V6FgNEw9QjvBPdysz9KfQDD41fQrC2Y4vKQdiaUpFT4bXlb1RHhLpp8wtm6M5TgSw==}
    engines: {node: '>=14.17'}
    hasBin: true

  undici-types@6.21.0:
    resolution: {integrity: sha512-iwDZqg0QAGrg9Rav5H4n0M64c3mkR59cJ6wQp+7C4nI0gsmExaedaYLNO44eT4AtBBwjbTiGPMlt2Md0T9H9JQ==}

snapshots:

  '@dbmate/darwin-arm64@2.28.0':
    optional: true

  '@dbmate/darwin-x64@2.28.0':
    optional: true

  '@dbmate/linux-arm64@2.28.0':
    optional: true

  '@dbmate/linux-arm@2.28.0':
    optional: true

  '@dbmate/linux-ia32@2.28.0':
    optional: true

  '@dbmate/linux-x64@2.28.0':
    optional: true

  '@dbmate/win32-x64@2.28.0':
    optional: true

  '@supabase/postgrest-js@2.81.0':
    dependencies:
      tslib: 2.8.1

  '@types/node@22.19.0':
    dependencies:
      undici-types: 6.21.0

  dbmate@2.28.0:
    optionalDependencies:
      '@dbmate/darwin-arm64': 2.28.0
      '@dbmate/darwin-x64': 2.28.0
      '@dbmate/linux-arm': 2.28.0
      '@dbmate/linux-arm64': 2.28.0
      '@dbmate/linux-ia32': 2.28.0
      '@dbmate/linux-x64': 2.28.0
      '@dbmate/win32-x64': 2.28.0

  tslib@2.8.1: {}

  typescript@5.9.3: {}

  undici-types@6.21.0: {}
