{
  "lockfileVersion": 1,
  "configVersion": 1,
  "workspaces": {
    "": {
      "dependencies": {
        "@opencode-ai/plugin": "1.2.6",
        "@openrouter/ai-sdk-provider": "^1.2.0",
        "ai": "^5.0.115",
        "mime-types": "^3.0.1",
      },
      "devDependencies": {
        "@types/mime-types": "^3.0.1",
        "@types/node": "^22.10.5",
      },
    },
  },
  "packages": {
    "@ai-sdk/gateway": ["@ai-sdk/gateway@2.0.39", "", { "dependencies": { "@ai-sdk/provider": "2.0.1", "@ai-sdk/provider-utils": "3.0.21", "@vercel/oidc": "3.1.0" }, "peerDependencies": { "zod": "^3.25.76 || ^4.1.8" } }, "sha512-ULnefGmRHG0/tRrf+dtDwgQYAttGi/TR0FmASAzTs1dtpeZp4Xoh1VyWrX3Z1bM3WDs9RM3ZeSE77kQT/jbfjw=="],

    "@ai-sdk/provider": ["@ai-sdk/provider@2.0.1", "", { "dependencies": { "json-schema": "^0.4.0" } }, "sha512-KCUwswvsC5VsW2PWFqF8eJgSCu5Ysj7m1TxiHTVA6g7k360bk0RNQENT8KTMAYEs+8fWPD3Uu4dEmzGHc+jGng=="],

    "@ai-sdk/provider-utils": ["@ai-sdk/provider-utils@3.0.21", "", { "dependencies": { "@ai-sdk/provider": "2.0.1", "@standard-schema/spec": "^1.0.0", "eventsource-parser": "^3.0.6" }, "peerDependencies": { "zod": "^3.25.76 || ^4.1.8" } }, "sha512-veuMwTLxsgh31Jjn0SnBABnM1f7ebHhRWcV2ZuY3hP3iJDCZ8VXBaYqcHXoOQDqUXTCas08sKQcHyWK+zl882Q=="],

    "@opencode-ai/plugin": ["@opencode-ai/plugin@1.2.6", "", { "dependencies": { "@opencode-ai/sdk": "1.2.6", "zod": "4.1.8" } }, "sha512-CJEp3k17yWsjyfivm3zQof8L42pdze3a7iTqMOyesHgJplSuLiBYAMndbBYMDuJkyAh0dHYjw8v10vVw7Kfl4Q=="],

    "@opencode-ai/sdk": ["@opencode-ai/sdk@1.2.6", "", {}, "sha512-dWMF8Aku4h7fh8sw5tQ2FtbqRLbIFT8FcsukpxTird49ax7oUXP+gzqxM/VdxHjfksQvzLBjLZyMdDStc5g7xA=="],

    "@openrouter/ai-sdk-provider": ["@openrouter/ai-sdk-provider@1.5.4", "", { "dependencies": { "@openrouter/sdk": "^0.1.27" }, "peerDependencies": { "ai": "^5.0.0", "zod": "^3.24.1 || ^v4" } }, "sha512-xrSQPUIH8n9zuyYZR0XK7Ba0h2KsjJcMkxnwaYfmv13pKs3sDkjPzVPPhlhzqBGddHb5cFEwJ9VFuFeDcxCDSw=="],

    "@openrouter/sdk": ["@openrouter/sdk@0.1.27", "", { "dependencies": { "zod": "^3.25.0 || ^4.0.0" } }, "sha512-RH//L10bSmc81q25zAZudiI4kNkLgxF2E+WU42vghp3N6TEvZ6F0jK7uT3tOxkEn91gzmMw9YVmDENy7SJsajQ=="],

    "@opentelemetry/api": ["@opentelemetry/api@1.9.0", "", {}, "sha512-3giAOQvZiH5F9bMlMiv8+GSPMeqg0dbaeo58/0SlA9sxSqZhnUtxzX9/2FzyhS9sWQf5S0GJE0AKBrFqjpeYcg=="],

    "@standard-schema/spec": ["@standard-schema/spec@1.1.0", "", {}, "sha512-l2aFy5jALhniG5HgqrD6jXLi/rUWrKvqN/qJx6yoJsgKhblVd+iqqU4RCXavm/jPityDo5TCvKMnpjKnOriy0w=="],

    "@types/mime-types": ["@types/mime-types@3.0.1", "", {}, "sha512-xRMsfuQbnRq1Ef+C+RKaENOxXX87Ygl38W1vDfPHRku02TgQr+Qd8iivLtAMcR0KF5/29xlnFihkTlbqFrGOVQ=="],

    "@types/node": ["@types/node@22.19.11", "", { "dependencies": { "undici-types": "~6.21.0" } }, "sha512-BH7YwL6rA93ReqeQS1c4bsPpcfOmJasG+Fkr6Y59q83f9M1WcBRHR2vM+P9eOisYRcN3ujQoiZY8uk5W+1WL8w=="],

    "@vercel/oidc": ["@vercel/oidc@3.1.0", "", {}, "sha512-Fw28YZpRnA3cAHHDlkt7xQHiJ0fcL+NRcIqsocZQUSmbzeIKRpwttJjik5ZGanXP+vlA4SbTg+AbA3bP363l+w=="],

    "ai": ["ai@5.0.133", "", { "dependencies": { "@ai-sdk/gateway": "2.0.39", "@ai-sdk/provider": "2.0.1", "@ai-sdk/provider-utils": "3.0.21", "@opentelemetry/api": "1.9.0" }, "peerDependencies": { "zod": "^3.25.76 || ^4.1.8" } }, "sha512-N6KnwSWKcXEWPnAri3anRuzRvcrvtDz1W1JG9CvMrQ0Xdp8Vu8ZToNW/eHt63CmrbmzTwVw/HaCtJuO+MYtS7A=="],

    "eventsource-parser": ["eventsource-parser@3.0.6", "", {}, "sha512-Vo1ab+QXPzZ4tCa8SwIHJFaSzy4R6SHf7BY79rFBDf0idraZWAkYrDjDj8uWaSm3S2TK+hJ7/t1CEmZ7jXw+pg=="],

    "json-schema": ["json-schema@0.4.0", "", {}, "sha512-es94M3nTIfsEPisRafak+HDLfHXnKBhV3vU5eqPcS3flIWqcxJWgXHXiey3YrpaNsanY5ei1VoYEbOzijuq9BA=="],

    "mime-db": ["mime-db@1.54.0", "", {}, "sha512-aU5EJuIN2WDemCcAp2vFBfp/m4EAhWJnUNSSw0ixs7/kXbd6Pg64EmwJkNdFhB8aWt1sH2CTXrLxo/iAGV3oPQ=="],

    "mime-types": ["mime-types@3.0.2", "", { "dependencies": { "mime-db": "^1.54.0" } }, "sha512-Lbgzdk0h4juoQ9fCKXW4by0UJqj+nOOrI9MJ1sSj4nI8aI2eo1qmvQEie4VD1glsS250n15LsWsYtCugiStS5A=="],

    "undici-types": ["undici-types@6.21.0", "", {}, "sha512-iwDZqg0QAGrg9Rav5H4n0M64c3mkR59cJ6wQp+7C4nI0gsmExaedaYLNO44eT4AtBBwjbTiGPMlt2Md0T9H9JQ=="],

    "zod": ["zod@4.1.8", "", {}, "sha512-5R1P+WwQqmmMIEACyzSvo4JXHY5WiAFHRMg+zBZKgKS+Q1viRa0C1hmUKtHltoIFKtIdki3pRxkmpP74jnNYHQ=="],
  }
}
